
Microsoft Visual Studio Solution File, Format Version 12.00
# Visual Studio Version 16
VisualStudioVersion = 16.0.29306.81
MinimumVisualStudioVersion = 10.0.40219.1
Project("{FAE04EC0-301F-11D3-BF4B-00C04F79EFBC}") = "markoGalavićObijektiIKlase", "markoGalavićObijektiIKlase\markoGalavićObijektiIKlase.csproj", "{DE6B58A8-EB4E-4FE0-88C5-618B7EE7F54A}"
EndProject
Global
	GlobalSection(SolutionConfigurationPlatforms) = preSolution
		Debug|Any CPU = Debug|Any CPU
		Release|Any CPU = Release|Any CPU
	EndGlobalSection
	GlobalSection(ProjectConfigurationPlatforms) = postSolution
		{DE6B58A8-EB4E-4FE0-88C5-618B7EE7F54A}.Debug|Any CPU.ActiveCfg = Debug|Any CPU
		{DE6B58A8-EB4E-4FE0-88C5-618B7EE7F54A}.Debug|Any CPU.Build.0 = Debug|Any CPU
		{DE6B58A8-EB4E-4FE0-88C5-618B7EE7F54A}.Release|Any CPU.ActiveCfg = Release|Any CPU
		{DE6B58A8-EB4E-4FE0-88C5-618B7EE7F54A}.Release|Any CPU.Build.0 = Release|Any CPU
	EndGlobalSection
	GlobalSection(SolutionProperties) = preSolution
		HideSolutionNode = FALSE
	EndGlobalSection
	GlobalSection(ExtensibilityGlobals) = postSolution
		SolutionGuid = {992D4D5A-3960-4230-8EF5-B01AF46FDB69}
	EndGlobalSection
EndGlobal
